
Microsoft Visual Studio Solution File, Format Version 12.00
# Visual Studio 15
VisualStudioVersion = 15.0.26014.0
MinimumVisualStudioVersion = 10.0.40219.1
Project("{2150E333-8FDC-42A3-9474-1A3956D46DE8}") = "src", "src", "{9E4D49F6-FA7E-4F22-AA65-BDF53A49507F}"
EndProject
Project("{FAE04EC0-301F-11D3-BF4B-00C04F79EFBC}") = "GarageOpener", "src\GarageOpener\GarageOpener.csproj", "{D3E9EDFA-C96E-448F-8822-82765013056C}"
EndProject
Global
	GlobalSection(SolutionConfigurationPlatforms) = preSolution
		Debug|Any CPU = Debug|Any CPU
		Debug|x64 = Debug|x64
		Debug|x86 = Debug|x86
		Release|Any CPU = Release|Any CPU
		Release|x64 = Release|x64
		Release|x86 = Release|x86
	EndGlobalSection
	GlobalSection(ProjectConfigurationPlatforms) = postSolution
		{D3E9EDFA-C96E-448F-8822-82765013056C}.Debug|Any CPU.ActiveCfg = Debug|Any CPU
		{D3E9EDFA-C96E-448F-8822-82765013056C}.Debug|Any CPU.Build.0 = Debug|Any CPU
		{D3E9EDFA-C96E-448F-8822-82765013056C}.Debug|x64.ActiveCfg = Debug|x64
		{D3E9EDFA-C96E-448F-8822-82765013056C}.Debug|x64.Build.0 = Debug|x64
		{D3E9EDFA-C96E-448F-8822-82765013056C}.Debug|x86.ActiveCfg = Debug|x86
		{D3E9EDFA-C96E-448F-8822-82765013056C}.Debug|x86.Build.0 = Debug|x86
		{D3E9EDFA-C96E-448F-8822-82765013056C}.Release|Any CPU.ActiveCfg = Release|Any CPU
		{D3E9EDFA-C96E-448F-8822-82765013056C}.Release|Any CPU.Build.0 = Release|Any CPU
		{D3E9EDFA-C96E-448F-8822-82765013056C}.Release|x64.ActiveCfg = Release|x64
		{D3E9EDFA-C96E-448F-8822-82765013056C}.Release|x64.Build.0 = Release|x64
		{D3E9EDFA-C96E-448F-8822-82765013056C}.Release|x86.ActiveCfg = Release|x86
		{D3E9EDFA-C96E-448F-8822-82765013056C}.Release|x86.Build.0 = Release|x86
	EndGlobalSection
	GlobalSection(SolutionProperties) = preSolution
		HideSolutionNode = FALSE
	EndGlobalSection
	GlobalSection(NestedProjects) = preSolution
		{D3E9EDFA-C96E-448F-8822-82765013056C} = {9E4D49F6-FA7E-4F22-AA65-BDF53A49507F}
	EndGlobalSection
EndGlobal
